
Microsoft Visual Studio Solution File, Format Version 12.00
# Visual Studio Version 17
VisualStudioVersion = 17.8.34525.116
MinimumVisualStudioVersion = 10.0.40219.1
Project("{FAE04EC0-301F-11D3-BF4B-00C04F79EFBC}") = "Zoo App again", "Zoo App again\Zoo App again.csproj", "{7C1AADC3-3858-4B7E-85C7-E9ABF7EE69EB}"
EndProject
Global
	GlobalSection(SolutionConfigurationPlatforms) = preSolution
		Debug|Any CPU = Debug|Any CPU
		Release|Any CPU = Release|Any CPU
	EndGlobalSection
	GlobalSection(ProjectConfigurationPlatforms) = postSolution
		{7C1AADC3-3858-4B7E-85C7-E9ABF7EE69EB}.Debug|Any CPU.ActiveCfg = Debug|Any CPU
		{7C1AADC3-3858-4B7E-85C7-E9ABF7EE69EB}.Debug|Any CPU.Build.0 = Debug|Any CPU
		{7C1AADC3-3858-4B7E-85C7-E9ABF7EE69EB}.Release|Any CPU.ActiveCfg = Release|Any CPU
		{7C1AADC3-3858-4B7E-85C7-E9ABF7EE69EB}.Release|Any CPU.Build.0 = Release|Any CPU
	EndGlobalSection
	GlobalSection(SolutionProperties) = preSolution
		HideSolutionNode = FALSE
	EndGlobalSection
	GlobalSection(ExtensibilityGlobals) = postSolution
		SolutionGuid = {4D81C95A-4F2D-489C-98FE-051AF14F2F03}
	EndGlobalSection
EndGlobal
